// !$*UTF8*$!
{
	archiveVersion = 1;
	classes = {
	};
	objectVersion = 56;
	objects = {

/* Begin PBXBuildFile section */
		D41DB3E62C63582600ED41D5 /* GithubUsersData.swift in Sources */ = {isa = PBXBuildFile; fileRef = D41DB3E52C63582600ED41D5 /* GithubUsersData.swift */; };
		D4338B922C61D890004E8CE8 /* UsersRequest.swift in Sources */ = {isa = PBXBuildFile; fileRef = D4338B912C61D890004E8CE8 /* UsersRequest.swift */; };
		D4338B952C61DAA7004E8CE8 /* Configuration.swift in Sources */ = {isa = PBXBuildFile; fileRef = D4338B942C61DAA7004E8CE8 /* Configuration.swift */; };
		D4338B982C61DFB7004E8CE8 /* UsersListViewModel.swift in Sources */ = {isa = PBXBuildFile; fileRef = D4338B972C61DFB7004E8CE8 /* UsersListViewModel.swift */; };
		D4338B9A2C6216DE004E8CE8 /* UsersListResponse.swift in Sources */ = {isa = PBXBuildFile; fileRef = D4338B992C6216DE004E8CE8 /* UsersListResponse.swift */; };
		D4E3FBCD2C61C3FB00FF9D03 /* AppDelegate.swift in Sources */ = {isa = PBXBuildFile; fileRef = D4E3FBCC2C61C3FB00FF9D03 /* AppDelegate.swift */; };
		D4E3FBCF2C61C3FB00FF9D03 /* SceneDelegate.swift in Sources */ = {isa = PBXBuildFile; fileRef = D4E3FBCE2C61C3FB00FF9D03 /* SceneDelegate.swift */; };
		D4E3FBD12C61C3FB00FF9D03 /* UsersListViewController.swift in Sources */ = {isa = PBXBuildFile; fileRef = D4E3FBD02C61C3FB00FF9D03 /* UsersListViewController.swift */; };
		D4E3FBD42C61C3FB00FF9D03 /* Main.storyboard in Resources */ = {isa = PBXBuildFile; fileRef = D4E3FBD22C61C3FB00FF9D03 /* Main.storyboard */; };
		D4E3FBD62C61C3FD00FF9D03 /* Assets.xcassets in Resources */ = {isa = PBXBuildFile; fileRef = D4E3FBD52C61C3FD00FF9D03 /* Assets.xcassets */; };
		D4E3FBD92C61C3FD00FF9D03 /* LaunchScreen.storyboard in Resources */ = {isa = PBXBuildFile; fileRef = D4E3FBD72C61C3FD00FF9D03 /* LaunchScreen.storyboard */; };
/* End PBXBuildFile section */

/* Begin PBXFileReference section */
		D41DB3E52C63582600ED41D5 /* GithubUsersData.swift */ = {isa = PBXFileReference; lastKnownFileType = sourcecode.swift; path = GithubUsersData.swift; sourceTree = "<group>"; };
		D4338B912C61D890004E8CE8 /* UsersRequest.swift */ = {isa = PBXFileReference; lastKnownFileType = sourcecode.swift; path = UsersRequest.swift; sourceTree = "<group>"; };
		D4338B942C61DAA7004E8CE8 /* Configuration.swift */ = {isa = PBXFileReference; lastKnownFileType = sourcecode.swift; path = Configuration.swift; sourceTree = "<group>"; };
		D4338B972C61DFB7004E8CE8 /* UsersListViewModel.swift */ = {isa = PBXFileReference; lastKnownFileType = sourcecode.swift; path = UsersListViewModel.swift; sourceTree = "<group>"; };
		D4338B992C6216DE004E8CE8 /* UsersListResponse.swift */ = {isa = PBXFileReference; lastKnownFileType = sourcecode.swift; path = UsersListResponse.swift; sourceTree = "<group>"; };
		D4E3FBC92C61C3FB00FF9D03 /* tawkAssignment.app */ = {isa = PBXFileReference; explicitFileType = wrapper.application; includeInIndex = 0; path = tawkAssignment.app; sourceTree = BUILT_PRODUCTS_DIR; };
		D4E3FBCC2C61C3FB00FF9D03 /* AppDelegate.swift */ = {isa = PBXFileReference; lastKnownFileType = sourcecode.swift; path = AppDelegate.swift; sourceTree = "<group>"; };
		D4E3FBCE2C61C3FB00FF9D03 /* SceneDelegate.swift */ = {isa = PBXFileReference; lastKnownFileType = sourcecode.swift; path = SceneDelegate.swift; sourceTree = "<group>"; };
		D4E3FBD02C61C3FB00FF9D03 /* UsersListViewController.swift */ = {isa = PBXFileReference; lastKnownFileType = sourcecode.swift; path = UsersListViewController.swift; sourceTree = "<group>"; };
		D4E3FBD32C61C3FB00FF9D03 /* Base */ = {isa = PBXFileReference; lastKnownFileType = file.storyboard; name = Base; path = Base.lproj/Main.storyboard; sourceTree = "<group>"; };
		D4E3FBD52C61C3FD00FF9D03 /* Assets.xcassets */ = {isa = PBXFileReference; lastKnownFileType = folder.assetcatalog; path = Assets.xcassets; sourceTree = "<group>"; };
		D4E3FBD82C61C3FD00FF9D03 /* Base */ = {isa = PBXFileReference; lastKnownFileType = file.storyboard; name = Base; path = Base.lproj/LaunchScreen.storyboard; sourceTree = "<group>"; };
		D4E3FBDA2C61C3FD00FF9D03 /* Info.plist */ = {isa = PBXFileReference; lastKnownFileType = text.plist.xml; path = Info.plist; sourceTree = "<group>"; };
/* End PBXFileReference section */

/* Begin PBXFrameworksBuildPhase section */
		D4E3FBC62C61C3FB00FF9D03 /* Frameworks */ = {
			isa = PBXFrameworksBuildPhase;
			buildActionMask = 2147483647;
			files = (
			);
			runOnlyForDeploymentPostprocessing = 0;
		};
/* End PBXFrameworksBuildPhase section */

/* Begin PBXGroup section */
		D406DCAA2C61C788002E2EE4 /* Storyboards */ = {
			isa = PBXGroup;
			children = (
				D4E3FBD72C61C3FD00FF9D03 /* LaunchScreen.storyboard */,
				D4E3FBD22C61C3FB00FF9D03 /* Main.storyboard */,
			);
			path = Storyboards;
			sourceTree = "<group>";
		};
		D406DCAB2C61C7A6002E2EE4 /* Resources */ = {
			isa = PBXGroup;
			children = (
				D4E3FBD52C61C3FD00FF9D03 /* Assets.xcassets */,
			);
			path = Resources;
			sourceTree = "<group>";
		};
		D406DCAC2C61C7BE002E2EE4 /* SupportingFiles */ = {
			isa = PBXGroup;
			children = (
				D4E3FBDA2C61C3FD00FF9D03 /* Info.plist */,
			);
			path = SupportingFiles;
			sourceTree = "<group>";
		};
		D41DB3E42C6357ED00ED41D5 /* Protocols */ = {
			isa = PBXGroup;
			children = (
				D41DB3E52C63582600ED41D5 /* GithubUsersData.swift */,
			);
			path = Protocols;
			sourceTree = "<group>";
		};
		D4338B902C61D86D004E8CE8 /* Models */ = {
			isa = PBXGroup;
			children = (
				D4338B912C61D890004E8CE8 /* UsersRequest.swift */,
				D4338B992C6216DE004E8CE8 /* UsersListResponse.swift */,
			);
			path = Models;
			sourceTree = "<group>";
		};
		D4338B932C61DA87004E8CE8 /* Configuration */ = {
			isa = PBXGroup;
			children = (
				D4338B942C61DAA7004E8CE8 /* Configuration.swift */,
			);
			path = Configuration;
			sourceTree = "<group>";
		};
		D4338B962C61DF89004E8CE8 /* View Models */ = {
			isa = PBXGroup;
			children = (
				D4338B972C61DFB7004E8CE8 /* UsersListViewModel.swift */,
			);
			path = "View Models";
			sourceTree = "<group>";
		};
		D4E3FBC02C61C3FB00FF9D03 = {
			isa = PBXGroup;
			children = (
				D4E3FBCB2C61C3FB00FF9D03 /* tawkAssignment */,
				D4E3FBCA2C61C3FB00FF9D03 /* Products */,
			);
			sourceTree = "<group>";
		};
		D4E3FBCA2C61C3FB00FF9D03 /* Products */ = {
			isa = PBXGroup;
			children = (
				D4E3FBC92C61C3FB00FF9D03 /* tawkAssignment.app */,
			);
			name = Products;
			sourceTree = "<group>";
		};
		D4E3FBCB2C61C3FB00FF9D03 /* tawkAssignment */ = {
			isa = PBXGroup;
			children = (
				D41DB3E42C6357ED00ED41D5 /* Protocols */,
				D4338B932C61DA87004E8CE8 /* Configuration */,
				D4338B902C61D86D004E8CE8 /* Models */,
				D406DCAC2C61C7BE002E2EE4 /* SupportingFiles */,
				D406DCAB2C61C7A6002E2EE4 /* Resources */,
				D406DCAA2C61C788002E2EE4 /* Storyboards */,
				D4E3FBE12C61C5DB00FF9D03 /* View Controllers */,
				D4E3FBE02C61C57700FF9D03 /* ApplicationDelegates */,
			);
			path = tawkAssignment;
			sourceTree = "<group>";
		};
		D4E3FBE02C61C57700FF9D03 /* ApplicationDelegates */ = {
			isa = PBXGroup;
			children = (
				D4E3FBCC2C61C3FB00FF9D03 /* AppDelegate.swift */,
				D4E3FBCE2C61C3FB00FF9D03 /* SceneDelegate.swift */,
			);
			path = ApplicationDelegates;
			sourceTree = "<group>";
		};
		D4E3FBE12C61C5DB00FF9D03 /* View Controllers */ = {
			isa = PBXGroup;
			children = (
				D4338B962C61DF89004E8CE8 /* View Models */,
				D4E3FBD02C61C3FB00FF9D03 /* UsersListViewController.swift */,
			);
			path = "View Controllers";
			sourceTree = "<group>";
		};
/* End PBXGroup section */

/* Begin PBXNativeTarget section */
		D4E3FBC82C61C3FB00FF9D03 /* tawkAssignment */ = {
			isa = PBXNativeTarget;
			buildConfigurationList = D4E3FBDD2C61C3FD00FF9D03 /* Build configuration list for PBXNativeTarget "tawkAssignment" */;
			buildPhases = (
				D4E3FBC52C61C3FB00FF9D03 /* Sources */,
				D4E3FBC62C61C3FB00FF9D03 /* Frameworks */,
				D4E3FBC72C61C3FB00FF9D03 /* Resources */,
			);
			buildRules = (
			);
			dependencies = (
			);
			name = tawkAssignment;
			productName = tawkAssignment;
			productReference = D4E3FBC92C61C3FB00FF9D03 /* tawkAssignment.app */;
			productType = "com.apple.product-type.application";
		};
/* End PBXNativeTarget section */

/* Begin PBXProject section */
		D4E3FBC12C61C3FB00FF9D03 /* Project object */ = {
			isa = PBXProject;
			attributes = {
				BuildIndependentTargetsInParallel = 1;
				LastSwiftUpdateCheck = 1510;
				LastUpgradeCheck = 1510;
				TargetAttributes = {
					D4E3FBC82C61C3FB00FF9D03 = {
						CreatedOnToolsVersion = 15.1;
					};
				};
			};
			buildConfigurationList = D4E3FBC42C61C3FB00FF9D03 /* Build configuration list for PBXProject "tawkAssignment" */;
			compatibilityVersion = "Xcode 14.0";
			developmentRegion = en;
			hasScannedForEncodings = 0;
			knownRegions = (
				en,
				Base,
			);
			mainGroup = D4E3FBC02C61C3FB00FF9D03;
			productRefGroup = D4E3FBCA2C61C3FB00FF9D03 /* Products */;
			projectDirPath = "";
			projectRoot = "";
			targets = (
				D4E3FBC82C61C3FB00FF9D03 /* tawkAssignment */,
			);
		};
/* End PBXProject section */

/* Begin PBXResourcesBuildPhase section */
		D4E3FBC72C61C3FB00FF9D03 /* Resources */ = {
			isa = PBXResourcesBuildPhase;
			buildActionMask = 2147483647;
			files = (
				D4E3FBD92C61C3FD00FF9D03 /* LaunchScreen.storyboard in Resources */,
				D4E3FBD62C61C3FD00FF9D03 /* Assets.xcassets in Resources */,
				D4E3FBD42C61C3FB00FF9D03 /* Main.storyboard in Resources */,
			);
			runOnlyForDeploymentPostprocessing = 0;
		};
/* End PBXResourcesBuildPhase section */

/* Begin PBXSourcesBuildPhase section */
		D4E3FBC52C61C3FB00FF9D03 /* Sources */ = {
			isa = PBXSourcesBuildPhase;
			buildActionMask = 2147483647;
			files = (
				D4338B9A2C6216DE004E8CE8 /* UsersListResponse.swift in Sources */,
				D4338B922C61D890004E8CE8 /* UsersRequest.swift in Sources */,
				D4338B982C61DFB7004E8CE8 /* UsersListViewModel.swift in Sources */,
				D4338B952C61DAA7004E8CE8 /* Configuration.swift in Sources */,
				D4E3FBD12C61C3FB00FF9D03 /* UsersListViewController.swift in Sources */,
				D4E3FBCD2C61C3FB00FF9D03 /* AppDelegate.swift in Sources */,
				D4E3FBCF2C61C3FB00FF9D03 /* SceneDelegate.swift in Sources */,
				D41DB3E62C63582600ED41D5 /* GithubUsersData.swift in Sources */,
			);
			runOnlyForDeploymentPostprocessing = 0;
		};
/* End PBXSourcesBuildPhase section */

/* Begin PBXVariantGroup section */
		D4E3FBD22C61C3FB00FF9D03 /* Main.storyboard */ = {
			isa = PBXVariantGroup;
			children = (
				D4E3FBD32C61C3FB00FF9D03 /* Base */,
			);
			name = Main.storyboard;
			sourceTree = "<group>";
		};
		D4E3FBD72C61C3FD00FF9D03 /* LaunchScreen.storyboard */ = {
			isa = PBXVariantGroup;
			children = (
				D4E3FBD82C61C3FD00FF9D03 /* Base */,
			);
			name = LaunchScreen.storyboard;
			sourceTree = "<group>";
		};
/* End PBXVariantGroup section */

/* Begin XCBuildConfiguration section */
		D4E3FBDB2C61C3FD00FF9D03 /* Debug */ = {
			isa = XCBuildConfiguration;
			buildSettings = {
				ALWAYS_SEARCH_USER_PATHS = NO;
				ASSETCATALOG_COMPILER_GENERATE_SWIFT_ASSET_SYMBOL_EXTENSIONS = YES;
				CLANG_ANALYZER_NONNULL = YES;
				CLANG_ANALYZER_NUMBER_OBJECT_CONVERSION = YES_AGGRESSIVE;
				CLANG_CXX_LANGUAGE_STANDARD = "gnu++20";
				CLANG_ENABLE_MODULES = YES;
				CLANG_ENABLE_OBJC_ARC = YES;
				CLANG_ENABLE_OBJC_WEAK = YES;
				CLANG_WARN_BLOCK_CAPTURE_AUTORELEASING = YES;
				CLANG_WARN_BOOL_CONVERSION = YES;
				CLANG_WARN_COMMA = YES;
				CLANG_WARN_CONSTANT_CONVERSION = YES;
				CLANG_WARN_DEPRECATED_OBJC_IMPLEMENTATIONS = YES;
				CLANG_WARN_DIRECT_OBJC_ISA_USAGE = YES_ERROR;
				CLANG_WARN_DOCUMENTATION_COMMENTS = YES;
				CLANG_WARN_EMPTY_BODY = YES;
				CLANG_WARN_ENUM_CONVERSION = YES;
				CLANG_WARN_INFINITE_RECURSION = YES;
				CLANG_WARN_INT_CONVERSION = YES;
				CLANG_WARN_NON_LITERAL_NULL_CONVERSION = YES;
				CLANG_WARN_OBJC_IMPLICIT_RETAIN_SELF = YES;
				CLANG_WARN_OBJC_LITERAL_CONVERSION = YES;
				CLANG_WARN_OBJC_ROOT_CLASS = YES_ERROR;
				CLANG_WARN_QUOTED_INCLUDE_IN_FRAMEWORK_HEADER = YES;
				CLANG_WARN_RANGE_LOOP_ANALYSIS = YES;
				CLANG_WARN_STRICT_PROTOTYPES = YES;
				CLANG_WARN_SUSPICIOUS_MOVE = YES;
				CLANG_WARN_UNGUARDED_AVAILABILITY = YES_AGGRESSIVE;
				CLANG_WARN_UNREACHABLE_CODE = YES;
				CLANG_WARN__DUPLICATE_METHOD_MATCH = YES;
				COPY_PHASE_STRIP = NO;
				DEBUG_INFORMATION_FORMAT = dwarf;
				ENABLE_STRICT_OBJC_MSGSEND = YES;
				ENABLE_TESTABILITY = YES;
				ENABLE_USER_SCRIPT_SANDBOXING = YES;
				GCC_C_LANGUAGE_STANDARD = gnu17;
				GCC_DYNAMIC_NO_PIC = NO;
				GCC_NO_COMMON_BLOCKS = YES;
				GCC_OPTIMIZATION_LEVEL = 0;
				GCC_PREPROCESSOR_DEFINITIONS = (
					"DEBUG=1",
					"$(inherited)",
				);
				GCC_WARN_64_TO_32_BIT_CONVERSION = YES;
				GCC_WARN_ABOUT_RETURN_TYPE = YES_ERROR;
				GCC_WARN_UNDECLARED_SELECTOR = YES;
				GCC_WARN_UNINITIALIZED_AUTOS = YES_AGGRESSIVE;
				GCC_WARN_UNUSED_FUNCTION = YES;
				GCC_WARN_UNUSED_VARIABLE = YES;
				IPHONEOS_DEPLOYMENT_TARGET = 14.0;
				LOCALIZATION_PREFERS_STRING_CATALOGS = YES;
				MTL_ENABLE_DEBUG_INFO = INCLUDE_SOURCE;
				MTL_FAST_MATH = YES;
				ONLY_ACTIVE_ARCH = YES;
				SDKROOT = iphoneos;
				SWIFT_ACTIVE_COMPILATION_CONDITIONS = "DEBUG $(inherited)";
				SWIFT_OPTIMIZATION_LEVEL = "-Onone";
			};
			name = Debug;
		};
		D4E3FBDC2C61C3FD00FF9D03 /* Release */ = {
			isa = XCBuildConfiguration;
			buildSettings = {
				ALWAYS_SEARCH_USER_PATHS = NO;
				ASSETCATALOG_COMPILER_GENERATE_SWIFT_ASSET_SYMBOL_EXTENSIONS = YES;
				CLANG_ANALYZER_NONNULL = YES;
				CLANG_ANALYZER_NUMBER_OBJECT_CONVERSION = YES_AGGRESSIVE;
				CLANG_CXX_LANGUAGE_STANDARD = "gnu++20";
				CLANG_ENABLE_MODULES = YES;
				CLANG_ENABLE_OBJC_ARC = YES;
				CLANG_ENABLE_OBJC_WEAK = YES;
				CLANG_WARN_BLOCK_CAPTURE_AUTORELEASING = YES;
				CLANG_WARN_BOOL_CONVERSION = YES;
				CLANG_WARN_COMMA = YES;
				CLANG_WARN_CONSTANT_CONVERSION = YES;
				CLANG_WARN_DEPRECATED_OBJC_IMPLEMENTATIONS = YES;
				CLANG_WARN_DIRECT_OBJC_ISA_USAGE = YES_ERROR;
				CLANG_WARN_DOCUMENTATION_COMMENTS = YES;
				CLANG_WARN_EMPTY_BODY = YES;
				CLANG_WARN_ENUM_CONVERSION = YES;
				CLANG_WARN_INFINITE_RECURSION = YES;
				CLANG_WARN_INT_CONVERSION = YES;
				CLANG_WARN_NON_LITERAL_NULL_CONVERSION = YES;
				CLANG_WARN_OBJC_IMPLICIT_RETAIN_SELF = YES;
				CLANG_WARN_OBJC_LITERAL_CONVERSION = YES;
				CLANG_WARN_OBJC_ROOT_CLASS = YES_ERROR;
				CLANG_WARN_QUOTED_INCLUDE_IN_FRAMEWORK_HEADER = YES;
				CLANG_WARN_RANGE_LOOP_ANALYSIS = YES;
				CLANG_WARN_STRICT_PROTOTYPES = YES;
				CLANG_WARN_SUSPICIOUS_MOVE = YES;
				CLANG_WARN_UNGUARDED_AVAILABILITY = YES_AGGRESSIVE;
				CLANG_WARN_UNREACHABLE_CODE = YES;
				CLANG_WARN__DUPLICATE_METHOD_MATCH = YES;
				COPY_PHASE_STRIP = NO;
				DEBUG_INFORMATION_FORMAT = "dwarf-with-dsym";
				ENABLE_NS_ASSERTIONS = NO;
				ENABLE_STRICT_OBJC_MSGSEND = YES;
				ENABLE_USER_SCRIPT_SANDBOXING = YES;
				GCC_C_LANGUAGE_STANDARD = gnu17;
				GCC_NO_COMMON_BLOCKS = YES;
				GCC_WARN_64_TO_32_BIT_CONVERSION = YES;
				GCC_WARN_ABOUT_RETURN_TYPE = YES_ERROR;
				GCC_WARN_UNDECLARED_SELECTOR = YES;
				GCC_WARN_UNINITIALIZED_AUTOS = YES_AGGRESSIVE;
				GCC_WARN_UNUSED_FUNCTION = YES;
				GCC_WARN_UNUSED_VARIABLE = YES;
				IPHONEOS_DEPLOYMENT_TARGET = 14.0;
				LOCALIZATION_PREFERS_STRING_CATALOGS = YES;
				MTL_ENABLE_DEBUG_INFO = NO;
				MTL_FAST_MATH = YES;
				SDKROOT = iphoneos;
				SWIFT_COMPILATION_MODE = wholemodule;
				VALIDATE_PRODUCT = YES;
			};
			name = Release;
		};
		D4E3FBDE2C61C3FD00FF9D03 /* Debug */ = {
			isa = XCBuildConfiguration;
			buildSettings = {
				ASSETCATALOG_COMPILER_APPICON_NAME = AppIcon;
				ASSETCATALOG_COMPILER_GLOBAL_ACCENT_COLOR_NAME = AccentColor;
				CODE_SIGN_STYLE = Automatic;
				CURRENT_PROJECT_VERSION = 1;
				DEVELOPMENT_TEAM = 48T2248AE2;
				GENERATE_INFOPLIST_FILE = YES;
				INFOPLIST_FILE = tawkAssignment/SupportingFiles/Info.plist;
				INFOPLIST_KEY_UIApplicationSupportsIndirectInputEvents = YES;
				INFOPLIST_KEY_UILaunchStoryboardName = LaunchScreen;
				INFOPLIST_KEY_UIMainStoryboardFile = Main;
				INFOPLIST_KEY_UISupportedInterfaceOrientations = UIInterfaceOrientationPortrait;
				INFOPLIST_KEY_UISupportedInterfaceOrientations_iPad = "UIInterfaceOrientationLandscapeLeft UIInterfaceOrientationLandscapeRight UIInterfaceOrientationPortrait UIInterfaceOrientationPortraitUpsideDown";
				IPHONEOS_DEPLOYMENT_TARGET = 14.0;
				LD_RUNPATH_SEARCH_PATHS = (
					"$(inherited)",
					"@executable_path/Frameworks",
				);
				MARKETING_VERSION = 1.0;
				PRODUCT_BUNDLE_IDENTIFIER = com.saqib.tawkAssignment;
				PRODUCT_NAME = "$(TARGET_NAME)";
				SUPPORTED_PLATFORMS = "iphoneos iphonesimulator";
				SUPPORTS_MACCATALYST = NO;
				SUPPORTS_MAC_DESIGNED_FOR_IPHONE_IPAD = NO;
				SWIFT_EMIT_LOC_STRINGS = YES;
				SWIFT_VERSION = 5.0;
				TARGETED_DEVICE_FAMILY = 1;
			};
			name = Debug;
		};
		D4E3FBDF2C61C3FD00FF9D03 /* Release */ = {
			isa = XCBuildConfiguration;
			buildSettings = {
				ASSETCATALOG_COMPILER_APPICON_NAME = AppIcon;
				ASSETCATALOG_COMPILER_GLOBAL_ACCENT_COLOR_NAME = AccentColor;
				CODE_SIGN_STYLE = Automatic;
				CURRENT_PROJECT_VERSION = 1;
				DEVELOPMENT_TEAM = 48T2248AE2;
				GENERATE_INFOPLIST_FILE = YES;
				INFOPLIST_FILE = tawkAssignment/SupportingFiles/Info.plist;
				INFOPLIST_KEY_UIApplicationSupportsIndirectInputEvents = YES;
				INFOPLIST_KEY_UILaunchStoryboardName = LaunchScreen;
				INFOPLIST_KEY_UIMainStoryboardFile = Main;
				INFOPLIST_KEY_UISupportedInterfaceOrientations = UIInterfaceOrientationPortrait;
				INFOPLIST_KEY_UISupportedInterfaceOrientations_iPad = "UIInterfaceOrientationLandscapeLeft UIInterfaceOrientationLandscapeRight UIInterfaceOrientationPortrait UIInterfaceOrientationPortraitUpsideDown";
				IPHONEOS_DEPLOYMENT_TARGET = 14.0;
				LD_RUNPATH_SEARCH_PATHS = (
					"$(inherited)",
					"@executable_path/Frameworks",
				);
				MARKETING_VERSION = 1.0;
				PRODUCT_BUNDLE_IDENTIFIER = com.saqib.tawkAssignment;
				PRODUCT_NAME = "$(TARGET_NAME)";
				SUPPORTED_PLATFORMS = "iphoneos iphonesimulator";
				SUPPORTS_MACCATALYST = NO;
				SUPPORTS_MAC_DESIGNED_FOR_IPHONE_IPAD = NO;
				SWIFT_EMIT_LOC_STRINGS = YES;
				SWIFT_VERSION = 5.0;
				TARGETED_DEVICE_FAMILY = 1;
			};
			name = Release;
		};
/* End XCBuildConfiguration section */

/* Begin XCConfigurationList section */
		D4E3FBC42C61C3FB00FF9D03 /* Build configuration list for PBXProject "tawkAssignment" */ = {
			isa = XCConfigurationList;
			buildConfigurations = (
				D4E3FBDB2C61C3FD00FF9D03 /* Debug */,
				D4E3FBDC2C61C3FD00FF9D03 /* Release */,
			);
			defaultConfigurationIsVisible = 0;
			defaultConfigurationName = Release;
		};
		D4E3FBDD2C61C3FD00FF9D03 /* Build configuration list for PBXNativeTarget "tawkAssignment" */ = {
			isa = XCConfigurationList;
			buildConfigurations = (
				D4E3FBDE2C61C3FD00FF9D03 /* Debug */,
				D4E3FBDF2C61C3FD00FF9D03 /* Release */,
			);
			defaultConfigurationIsVisible = 0;
			defaultConfigurationName = Release;
		};
/* End XCConfigurationList section */
	};
	rootObject = D4E3FBC12C61C3FB00FF9D03 /* Project object */;
}
